// !$*UTF8*$!
{
	archiveVersion = 1;
	classes = {
	};
	objectVersion = 56;
	objects = {

/* Begin PBXBuildFile section */
		234058DD2A87F4220097427A /* Theme.swift in Sources */ = {isa = PBXBuildFile; fileRef = 234058DC2A87F4220097427A /* Theme.swift */; };
		234058DF2A87F6560097427A /* Symbols.swift in Sources */ = {isa = PBXBuildFile; fileRef = 234058DE2A87F6560097427A /* Symbols.swift */; };
		236AB5F12930A79C008784D6 /* GenderView.swift in Sources */ = {isa = PBXBuildFile; fileRef = 236AB5F02930A79C008784D6 /* GenderView.swift */; };
		236AB5F32930A8D6008784D6 /* HeightSliderView.swift in Sources */ = {isa = PBXBuildFile; fileRef = 236AB5F22930A8D6008784D6 /* HeightSliderView.swift */; };
		236AB5F52930AB76008784D6 /* MeasurementsView.swift in Sources */ = {isa = PBXBuildFile; fileRef = 236AB5F42930AB76008784D6 /* MeasurementsView.swift */; };
		236AB5F72930AC05008784D6 /* ResultsView.swift in Sources */ = {isa = PBXBuildFile; fileRef = 236AB5F62930AC05008784D6 /* ResultsView.swift */; };
		236BAEC02937C7E000DE02D2 /* Calculator.swift in Sources */ = {isa = PBXBuildFile; fileRef = 236BAEBF2937C7E000DE02D2 /* Calculator.swift */; };
		236BAEC22937E3FD00DE02D2 /* BottomButton.swift in Sources */ = {isa = PBXBuildFile; fileRef = 236BAEC12937E3FD00DE02D2 /* BottomButton.swift */; };
		239F5AD929DD88A20085938A /* README.md in Resources */ = {isa = PBXBuildFile; fileRef = 239F5AD829DD88A20085938A /* README.md */; };
		23C8DADC292CBDB70053AB09 /* BMICalculatorApp.swift in Sources */ = {isa = PBXBuildFile; fileRef = 23C8DADB292CBDB70053AB09 /* BMICalculatorApp.swift */; };
		23C8DADE292CBDB70053AB09 /* ContentView.swift in Sources */ = {isa = PBXBuildFile; fileRef = 23C8DADD292CBDB70053AB09 /* ContentView.swift */; };
		23C8DAE0292CBDB90053AB09 /* Assets.xcassets in Resources */ = {isa = PBXBuildFile; fileRef = 23C8DADF292CBDB90053AB09 /* Assets.xcassets */; };
		23C8DAE3292CBDB90053AB09 /* Preview Assets.xcassets in Resources */ = {isa = PBXBuildFile; fileRef = 23C8DAE2292CBDB90053AB09 /* Preview Assets.xcassets */; };
		23C8DAED292CBDBA0053AB09 /* BMICalculatorTests.swift in Sources */ = {isa = PBXBuildFile; fileRef = 23C8DAEC292CBDBA0053AB09 /* BMICalculatorTests.swift */; };
		D32CD2992B8339C200CC29A8 /* UISliderView.swift in Sources */ = {isa = PBXBuildFile; fileRef = D32CD2982B8339C200CC29A8 /* UISliderView.swift */; };
		D32CD29B2B8353BA00CC29A8 /* BMIResult.swift in Sources */ = {isa = PBXBuildFile; fileRef = D32CD29A2B8353BA00CC29A8 /* BMIResult.swift */; };
/* End PBXBuildFile section */

/* Begin PBXContainerItemProxy section */
		23C8DAE9292CBDBA0053AB09 /* PBXContainerItemProxy */ = {
			isa = PBXContainerItemProxy;
			containerPortal = 23C8DAD0292CBDB70053AB09 /* Project object */;
			proxyType = 1;
			remoteGlobalIDString = 23C8DAD7292CBDB70053AB09;
			remoteInfo = "BMI Calculator";
		};
/* End PBXContainerItemProxy section */

/* Begin PBXFileReference section */
		234058DC2A87F4220097427A /* Theme.swift */ = {isa = PBXFileReference; lastKnownFileType = sourcecode.swift; path = Theme.swift; sourceTree = "<group>"; };
		234058DE2A87F6560097427A /* Symbols.swift */ = {isa = PBXFileReference; lastKnownFileType = sourcecode.swift; path = Symbols.swift; sourceTree = "<group>"; };
		236AB5F02930A79C008784D6 /* GenderView.swift */ = {isa = PBXFileReference; lastKnownFileType = sourcecode.swift; path = GenderView.swift; sourceTree = "<group>"; };
		236AB5F22930A8D6008784D6 /* HeightSliderView.swift */ = {isa = PBXFileReference; lastKnownFileType = sourcecode.swift; path = HeightSliderView.swift; sourceTree = "<group>"; };
		236AB5F42930AB76008784D6 /* MeasurementsView.swift */ = {isa = PBXFileReference; lastKnownFileType = sourcecode.swift; path = MeasurementsView.swift; sourceTree = "<group>"; };
		236AB5F62930AC05008784D6 /* ResultsView.swift */ = {isa = PBXFileReference; lastKnownFileType = sourcecode.swift; path = ResultsView.swift; sourceTree = "<group>"; };
		236BAEBF2937C7E000DE02D2 /* Calculator.swift */ = {isa = PBXFileReference; lastKnownFileType = sourcecode.swift; path = Calculator.swift; sourceTree = "<group>"; };
		236BAEC12937E3FD00DE02D2 /* BottomButton.swift */ = {isa = PBXFileReference; lastKnownFileType = sourcecode.swift; path = BottomButton.swift; sourceTree = "<group>"; };
		239F5AD829DD88A20085938A /* README.md */ = {isa = PBXFileReference; fileEncoding = 4; lastKnownFileType = net.daringfireball.markdown; path = README.md; sourceTree = "<group>"; };
		23C8DAD8292CBDB70053AB09 /* BMICalculator.app */ = {isa = PBXFileReference; explicitFileType = wrapper.application; includeInIndex = 0; path = BMICalculator.app; sourceTree = BUILT_PRODUCTS_DIR; };
		23C8DADB292CBDB70053AB09 /* BMICalculatorApp.swift */ = {isa = PBXFileReference; lastKnownFileType = sourcecode.swift; path = BMICalculatorApp.swift; sourceTree = "<group>"; };
		23C8DADD292CBDB70053AB09 /* ContentView.swift */ = {isa = PBXFileReference; lastKnownFileType = sourcecode.swift; path = ContentView.swift; sourceTree = "<group>"; };
		23C8DADF292CBDB90053AB09 /* Assets.xcassets */ = {isa = PBXFileReference; lastKnownFileType = folder.assetcatalog; path = Assets.xcassets; sourceTree = "<group>"; };
		23C8DAE2292CBDB90053AB09 /* Preview Assets.xcassets */ = {isa = PBXFileReference; lastKnownFileType = folder.assetcatalog; path = "Preview Assets.xcassets"; sourceTree = "<group>"; };
		23C8DAE8292CBDBA0053AB09 /* BMICalculatorTests.xctest */ = {isa = PBXFileReference; explicitFileType = wrapper.cfbundle; includeInIndex = 0; path = BMICalculatorTests.xctest; sourceTree = BUILT_PRODUCTS_DIR; };
		23C8DAEC292CBDBA0053AB09 /* BMICalculatorTests.swift */ = {isa = PBXFileReference; lastKnownFileType = sourcecode.swift; path = BMICalculatorTests.swift; sourceTree = "<group>"; };
		D32CD2982B8339C200CC29A8 /* UISliderView.swift */ = {isa = PBXFileReference; lastKnownFileType = sourcecode.swift; path = UISliderView.swift; sourceTree = "<group>"; };
		D32CD29A2B8353BA00CC29A8 /* BMIResult.swift */ = {isa = PBXFileReference; lastKnownFileType = sourcecode.swift; path = BMIResult.swift; sourceTree = "<group>"; };
/* End PBXFileReference section */

/* Begin PBXFrameworksBuildPhase section */
		23C8DAD5292CBDB70053AB09 /* Frameworks */ = {
			isa = PBXFrameworksBuildPhase;
			buildActionMask = 2147483647;
			files = (
			);
			runOnlyForDeploymentPostprocessing = 0;
		};
		23C8DAE5292CBDBA0053AB09 /* Frameworks */ = {
			isa = PBXFrameworksBuildPhase;
			buildActionMask = 2147483647;
			files = (
			);
			runOnlyForDeploymentPostprocessing = 0;
		};
/* End PBXFrameworksBuildPhase section */

/* Begin PBXGroup section */
		234058DB2A87F40F0097427A /* Resources */ = {
			isa = PBXGroup;
			children = (
				234058DC2A87F4220097427A /* Theme.swift */,
				234058DE2A87F6560097427A /* Symbols.swift */,
			);
			path = Resources;
			sourceTree = "<group>";
		};
		23C8DACF292CBDB70053AB09 = {
			isa = PBXGroup;
			children = (
				239F5AD829DD88A20085938A /* README.md */,
				23C8DADA292CBDB70053AB09 /* BMICalculator */,
				23C8DAEB292CBDBA0053AB09 /* BMI CalculatorTests */,
				23C8DAD9292CBDB70053AB09 /* Products */,
			);
			sourceTree = "<group>";
		};
		23C8DAD9292CBDB70053AB09 /* Products */ = {
			isa = PBXGroup;
			children = (
				23C8DAD8292CBDB70053AB09 /* BMICalculator.app */,
				23C8DAE8292CBDBA0053AB09 /* BMICalculatorTests.xctest */,
			);
			name = Products;
			sourceTree = "<group>";
		};
		23C8DADA292CBDB70053AB09 /* BMICalculator */ = {
			isa = PBXGroup;
			children = (
				23C8DADB292CBDB70053AB09 /* BMICalculatorApp.swift */,
				23C8DADD292CBDB70053AB09 /* ContentView.swift */,
				23C8DB05292CBE700053AB09 /* Model */,
				23C8DB06292CBE780053AB09 /* Views */,
				234058DB2A87F40F0097427A /* Resources */,
				23C8DADF292CBDB90053AB09 /* Assets.xcassets */,
				23C8DAE1292CBDB90053AB09 /* Preview Content */,
			);
			path = BMICalculator;
			sourceTree = "<group>";
		};
		23C8DAE1292CBDB90053AB09 /* Preview Content */ = {
			isa = PBXGroup;
			children = (
				23C8DAE2292CBDB90053AB09 /* Preview Assets.xcassets */,
			);
			path = "Preview Content";
			sourceTree = "<group>";
		};
		23C8DAEB292CBDBA0053AB09 /* BMI CalculatorTests */ = {
			isa = PBXGroup;
			children = (
				23C8DAEC292CBDBA0053AB09 /* BMICalculatorTests.swift */,
			);
			path = "BMI CalculatorTests";
			sourceTree = "<group>";
		};
		23C8DB05292CBE700053AB09 /* Model */ = {
			isa = PBXGroup;
			children = (
				236BAEBF2937C7E000DE02D2 /* Calculator.swift */,
				D32CD29A2B8353BA00CC29A8 /* BMIResult.swift */,
			);
			path = Model;
			sourceTree = "<group>";
		};
		23C8DB06292CBE780053AB09 /* Views */ = {
			isa = PBXGroup;
			children = (
				236BAEC12937E3FD00DE02D2 /* BottomButton.swift */,
				236AB5F02930A79C008784D6 /* GenderView.swift */,
				236AB5F22930A8D6008784D6 /* HeightSliderView.swift */,
				236AB5F42930AB76008784D6 /* MeasurementsView.swift */,
				236AB5F62930AC05008784D6 /* ResultsView.swift */,
				D32CD2982B8339C200CC29A8 /* UISliderView.swift */,
			);
			path = Views;
			sourceTree = "<group>";
		};
/* End PBXGroup section */

/* Begin PBXNativeTarget section */
		23C8DAD7292CBDB70053AB09 /* BMICalculator */ = {
			isa = PBXNativeTarget;
			buildConfigurationList = 23C8DAFC292CBDBA0053AB09 /* Build configuration list for PBXNativeTarget "BMICalculator" */;
			buildPhases = (
				239F5AD729DD86A20085938A /* Swiftlint */,
				23C8DAD4292CBDB70053AB09 /* Sources */,
				23C8DAD5292CBDB70053AB09 /* Frameworks */,
				23C8DAD6292CBDB70053AB09 /* Resources */,
			);
			buildRules = (
			);
			dependencies = (
			);
			name = BMICalculator;
			productName = "BMI Calculator";
			productReference = 23C8DAD8292CBDB70053AB09 /* BMICalculator.app */;
			productType = "com.apple.product-type.application";
		};
		23C8DAE7292CBDBA0053AB09 /* BMICalculatorTests */ = {
			isa = PBXNativeTarget;
			buildConfigurationList = 23C8DAFF292CBDBA0053AB09 /* Build configuration list for PBXNativeTarget "BMICalculatorTests" */;
			buildPhases = (
				23C8DAE4292CBDBA0053AB09 /* Sources */,
				23C8DAE5292CBDBA0053AB09 /* Frameworks */,
				23C8DAE6292CBDBA0053AB09 /* Resources */,
			);
			buildRules = (
			);
			dependencies = (
				23C8DAEA292CBDBA0053AB09 /* PBXTargetDependency */,
			);
			name = BMICalculatorTests;
			productName = "BMI CalculatorTests";
			productReference = 23C8DAE8292CBDBA0053AB09 /* BMICalculatorTests.xctest */;
			productType = "com.apple.product-type.bundle.unit-test";
		};
/* End PBXNativeTarget section */

/* Begin PBXProject section */
		23C8DAD0292CBDB70053AB09 /* Project object */ = {
			isa = PBXProject;
			attributes = {
				BuildIndependentTargetsInParallel = 1;
				LastSwiftUpdateCheck = 1410;
				LastUpgradeCheck = 1520;
				TargetAttributes = {
					23C8DAD7292CBDB70053AB09 = {
						CreatedOnToolsVersion = 14.1;
					};
					23C8DAE7292CBDBA0053AB09 = {
						CreatedOnToolsVersion = 14.1;
						TestTargetID = 23C8DAD7292CBDB70053AB09;
					};
				};
			};
			buildConfigurationList = 23C8DAD3292CBDB70053AB09 /* Build configuration list for PBXProject "BMICalculator" */;
			compatibilityVersion = "Xcode 14.0";
			developmentRegion = en;
			hasScannedForEncodings = 0;
			knownRegions = (
				en,
				Base,
			);
			mainGroup = 23C8DACF292CBDB70053AB09;
			productRefGroup = 23C8DAD9292CBDB70053AB09 /* Products */;
			projectDirPath = "";
			projectRoot = "";
			targets = (
				23C8DAD7292CBDB70053AB09 /* BMICalculator */,
				23C8DAE7292CBDBA0053AB09 /* BMICalculatorTests */,
			);
		};
/* End PBXProject section */

/* Begin PBXResourcesBuildPhase section */
		23C8DAD6292CBDB70053AB09 /* Resources */ = {
			isa = PBXResourcesBuildPhase;
			buildActionMask = 2147483647;
			files = (
				239F5AD929DD88A20085938A /* README.md in Resources */,
				23C8DAE3292CBDB90053AB09 /* Preview Assets.xcassets in Resources */,
				23C8DAE0292CBDB90053AB09 /* Assets.xcassets in Resources */,
			);
			runOnlyForDeploymentPostprocessing = 0;
		};
		23C8DAE6292CBDBA0053AB09 /* Resources */ = {
			isa = PBXResourcesBuildPhase;
			buildActionMask = 2147483647;
			files = (
			);
			runOnlyForDeploymentPostprocessing = 0;
		};
/* End PBXResourcesBuildPhase section */

/* Begin PBXShellScriptBuildPhase section */
		239F5AD729DD86A20085938A /* Swiftlint */ = {
			isa = PBXShellScriptBuildPhase;
			alwaysOutOfDate = 1;
			buildActionMask = 2147483647;
			files = (
			);
			inputFileListPaths = (
			);
			inputPaths = (
			);
			name = Swiftlint;
			outputFileListPaths = (
			);
			outputPaths = (
			);
			runOnlyForDeploymentPostprocessing = 0;
			shellPath = /bin/sh;
			shellScript = "if which swiftlint > /dev/null; then\n  swiftlint\nelse\n  echo \"warning: SwiftLint not installed, download from https://github.com/realm/SwiftLint\"\nfi\n";
		};
/* End PBXShellScriptBuildPhase section */

/* Begin PBXSourcesBuildPhase section */
		23C8DAD4292CBDB70053AB09 /* Sources */ = {
			isa = PBXSourcesBuildPhase;
			buildActionMask = 2147483647;
			files = (
				234058DD2A87F4220097427A /* Theme.swift in Sources */,
				236AB5F72930AC05008784D6 /* ResultsView.swift in Sources */,
				236AB5F12930A79C008784D6 /* GenderView.swift in Sources */,
				D32CD2992B8339C200CC29A8 /* UISliderView.swift in Sources */,
				236BAEC02937C7E000DE02D2 /* Calculator.swift in Sources */,
				D32CD29B2B8353BA00CC29A8 /* BMIResult.swift in Sources */,
				236AB5F32930A8D6008784D6 /* HeightSliderView.swift in Sources */,
				234058DF2A87F6560097427A /* Symbols.swift in Sources */,
				23C8DADE292CBDB70053AB09 /* ContentView.swift in Sources */,
				236AB5F52930AB76008784D6 /* MeasurementsView.swift in Sources */,
				236BAEC22937E3FD00DE02D2 /* BottomButton.swift in Sources */,
				23C8DADC292CBDB70053AB09 /* BMICalculatorApp.swift in Sources */,
			);
			runOnlyForDeploymentPostprocessing = 0;
		};
		23C8DAE4292CBDBA0053AB09 /* Sources */ = {
			isa = PBXSourcesBuildPhase;
			buildActionMask = 2147483647;
			files = (
				23C8DAED292CBDBA0053AB09 /* BMICalculatorTests.swift in Sources */,
			);
			runOnlyForDeploymentPostprocessing = 0;
		};
/* End PBXSourcesBuildPhase section */

/* Begin PBXTargetDependency section */
		23C8DAEA292CBDBA0053AB09 /* PBXTargetDependency */ = {
			isa = PBXTargetDependency;
			target = 23C8DAD7292CBDB70053AB09 /* BMICalculator */;
			targetProxy = 23C8DAE9292CBDBA0053AB09 /* PBXContainerItemProxy */;
		};
/* End PBXTargetDependency section */

/* Begin XCBuildConfiguration section */
		23C8DAFA292CBDBA0053AB09 /* Debug */ = {
			isa = XCBuildConfiguration;
			buildSettings = {
				ALWAYS_SEARCH_USER_PATHS = NO;
				CLANG_ANALYZER_NONNULL = YES;
				CLANG_ANALYZER_NUMBER_OBJECT_CONVERSION = YES_AGGRESSIVE;
				CLANG_CXX_LANGUAGE_STANDARD = "gnu++20";
				CLANG_ENABLE_MODULES = YES;
				CLANG_ENABLE_OBJC_ARC = YES;
				CLANG_ENABLE_OBJC_WEAK = YES;
				CLANG_WARN_BLOCK_CAPTURE_AUTORELEASING = YES;
				CLANG_WARN_BOOL_CONVERSION = YES;
				CLANG_WARN_COMMA = YES;
				CLANG_WARN_CONSTANT_CONVERSION = YES;
				CLANG_WARN_DEPRECATED_OBJC_IMPLEMENTATIONS = YES;
				CLANG_WARN_DIRECT_OBJC_ISA_USAGE = YES_ERROR;
				CLANG_WARN_DOCUMENTATION_COMMENTS = YES;
				CLANG_WARN_EMPTY_BODY = YES;
				CLANG_WARN_ENUM_CONVERSION = YES;
				CLANG_WARN_INFINITE_RECURSION = YES;
				CLANG_WARN_INT_CONVERSION = YES;
				CLANG_WARN_NON_LITERAL_NULL_CONVERSION = YES;
				CLANG_WARN_OBJC_IMPLICIT_RETAIN_SELF = YES;
				CLANG_WARN_OBJC_LITERAL_CONVERSION = YES;
				CLANG_WARN_OBJC_ROOT_CLASS = YES_ERROR;
				CLANG_WARN_QUOTED_INCLUDE_IN_FRAMEWORK_HEADER = YES;
				CLANG_WARN_RANGE_LOOP_ANALYSIS = YES;
				CLANG_WARN_STRICT_PROTOTYPES = YES;
				CLANG_WARN_SUSPICIOUS_MOVE = YES;
				CLANG_WARN_UNGUARDED_AVAILABILITY = YES_AGGRESSIVE;
				CLANG_WARN_UNREACHABLE_CODE = YES;
				CLANG_WARN__DUPLICATE_METHOD_MATCH = YES;
				COPY_PHASE_STRIP = NO;
				DEBUG_INFORMATION_FORMAT = dwarf;
				ENABLE_STRICT_OBJC_MSGSEND = YES;
				ENABLE_TESTABILITY = YES;
				ENABLE_USER_SCRIPT_SANDBOXING = YES;
				GCC_C_LANGUAGE_STANDARD = gnu11;
				GCC_DYNAMIC_NO_PIC = NO;
				GCC_NO_COMMON_BLOCKS = YES;
				GCC_OPTIMIZATION_LEVEL = 0;
				GCC_PREPROCESSOR_DEFINITIONS = (
					"DEBUG=1",
					"$(inherited)",
				);
				GCC_WARN_64_TO_32_BIT_CONVERSION = YES;
				GCC_WARN_ABOUT_RETURN_TYPE = YES_ERROR;
				GCC_WARN_UNDECLARED_SELECTOR = YES;
				GCC_WARN_UNINITIALIZED_AUTOS = YES_AGGRESSIVE;
				GCC_WARN_UNUSED_FUNCTION = YES;
				GCC_WARN_UNUSED_VARIABLE = YES;
				IPHONEOS_DEPLOYMENT_TARGET = 16.1;
				MTL_ENABLE_DEBUG_INFO = INCLUDE_SOURCE;
				MTL_FAST_MATH = YES;
				ONLY_ACTIVE_ARCH = YES;
				SDKROOT = iphoneos;
				SWIFT_ACTIVE_COMPILATION_CONDITIONS = DEBUG;
				SWIFT_OPTIMIZATION_LEVEL = "-Onone";
			};
			name = Debug;
		};
		23C8DAFB292CBDBA0053AB09 /* Release */ = {
			isa = XCBuildConfiguration;
			buildSettings = {
				ALWAYS_SEARCH_USER_PATHS = NO;
				CLANG_ANALYZER_NONNULL = YES;
				CLANG_ANALYZER_NUMBER_OBJECT_CONVERSION = YES_AGGRESSIVE;
				CLANG_CXX_LANGUAGE_STANDARD = "gnu++20";
				CLANG_ENABLE_MODULES = YES;
				CLANG_ENABLE_OBJC_ARC = YES;
				CLANG_ENABLE_OBJC_WEAK = YES;
				CLANG_WARN_BLOCK_CAPTURE_AUTORELEASING = YES;
				CLANG_WARN_BOOL_CONVERSION = YES;
				CLANG_WARN_COMMA = YES;
				CLANG_WARN_CONSTANT_CONVERSION = YES;
				CLANG_WARN_DEPRECATED_OBJC_IMPLEMENTATIONS = YES;
				CLANG_WARN_DIRECT_OBJC_ISA_USAGE = YES_ERROR;
				CLANG_WARN_DOCUMENTATION_COMMENTS = YES;
				CLANG_WARN_EMPTY_BODY = YES;
				CLANG_WARN_ENUM_CONVERSION = YES;
				CLANG_WARN_INFINITE_RECURSION = YES;
				CLANG_WARN_INT_CONVERSION = YES;
				CLANG_WARN_NON_LITERAL_NULL_CONVERSION = YES;
				CLANG_WARN_OBJC_IMPLICIT_RETAIN_SELF = YES;
				CLANG_WARN_OBJC_LITERAL_CONVERSION = YES;
				CLANG_WARN_OBJC_ROOT_CLASS = YES_ERROR;
				CLANG_WARN_QUOTED_INCLUDE_IN_FRAMEWORK_HEADER = YES;
				CLANG_WARN_RANGE_LOOP_ANALYSIS = YES;
				CLANG_WARN_STRICT_PROTOTYPES = YES;
				CLANG_WARN_SUSPICIOUS_MOVE = YES;
				CLANG_WARN_UNGUARDED_AVAILABILITY = YES_AGGRESSIVE;
				CLANG_WARN_UNREACHABLE_CODE = YES;
				CLANG_WARN__DUPLICATE_METHOD_MATCH = YES;
				COPY_PHASE_STRIP = NO;
				DEBUG_INFORMATION_FORMAT = "dwarf-with-dsym";
				ENABLE_NS_ASSERTIONS = NO;
				ENABLE_STRICT_OBJC_MSGSEND = YES;
				ENABLE_USER_SCRIPT_SANDBOXING = YES;
				GCC_C_LANGUAGE_STANDARD = gnu11;
				GCC_NO_COMMON_BLOCKS = YES;
				GCC_WARN_64_TO_32_BIT_CONVERSION = YES;
				GCC_WARN_ABOUT_RETURN_TYPE = YES_ERROR;
				GCC_WARN_UNDECLARED_SELECTOR = YES;
				GCC_WARN_UNINITIALIZED_AUTOS = YES_AGGRESSIVE;
				GCC_WARN_UNUSED_FUNCTION = YES;
				GCC_WARN_UNUSED_VARIABLE = YES;
				IPHONEOS_DEPLOYMENT_TARGET = 16.1;
				MTL_ENABLE_DEBUG_INFO = NO;
				MTL_FAST_MATH = YES;
				SDKROOT = iphoneos;
				SWIFT_COMPILATION_MODE = wholemodule;
				SWIFT_OPTIMIZATION_LEVEL = "-O";
				VALIDATE_PRODUCT = YES;
			};
			name = Release;
		};
		23C8DAFD292CBDBA0053AB09 /* Debug */ = {
			isa = XCBuildConfiguration;
			buildSettings = {
				ASSETCATALOG_COMPILER_APPICON_NAME = AppIcon;
				ASSETCATALOG_COMPILER_GLOBAL_ACCENT_COLOR_NAME = AccentColor;
				CODE_SIGN_STYLE = Automatic;
				CURRENT_PROJECT_VERSION = 1;
				DEVELOPMENT_ASSET_PATHS = "\"BMICalculator/Preview Content\"";
				ENABLE_PREVIEWS = YES;
				GENERATE_INFOPLIST_FILE = YES;
				INFOPLIST_KEY_UIApplicationSceneManifest_Generation = YES;
				INFOPLIST_KEY_UIApplicationSupportsIndirectInputEvents = YES;
				INFOPLIST_KEY_UILaunchScreen_Generation = YES;
				INFOPLIST_KEY_UISupportedInterfaceOrientations = "UIInterfaceOrientationPortrait UIInterfaceOrientationPortraitUpsideDown";
				INFOPLIST_KEY_UISupportedInterfaceOrientations_iPad = "UIInterfaceOrientationLandscapeLeft UIInterfaceOrientationLandscapeRight UIInterfaceOrientationPortrait UIInterfaceOrientationPortraitUpsideDown";
				LD_RUNPATH_SEARCH_PATHS = (
					"$(inherited)",
					"@executable_path/Frameworks",
				);
				MARKETING_VERSION = 1.0;
				PRODUCT_BUNDLE_IDENTIFIER = "com.ptushko.BMI-Calculator";
				PRODUCT_NAME = "$(TARGET_NAME)";
				SWIFT_EMIT_LOC_STRINGS = YES;
				SWIFT_VERSION = 5.0;
				TARGETED_DEVICE_FAMILY = "1,2";
			};
			name = Debug;
		};
		23C8DAFE292CBDBA0053AB09 /* Release */ = {
			isa = XCBuildConfiguration;
			buildSettings = {
				ASSETCATALOG_COMPILER_APPICON_NAME = AppIcon;
				ASSETCATALOG_COMPILER_GLOBAL_ACCENT_COLOR_NAME = AccentColor;
				CODE_SIGN_STYLE = Automatic;
				CURRENT_PROJECT_VERSION = 1;
				DEVELOPMENT_ASSET_PATHS = "\"BMICalculator/Preview Content\"";
				ENABLE_PREVIEWS = YES;
				GENERATE_INFOPLIST_FILE = YES;
				INFOPLIST_KEY_UIApplicationSceneManifest_Generation = YES;
				INFOPLIST_KEY_UIApplicationSupportsIndirectInputEvents = YES;
				INFOPLIST_KEY_UILaunchScreen_Generation = YES;
				INFOPLIST_KEY_UISupportedInterfaceOrientations = "UIInterfaceOrientationPortrait UIInterfaceOrientationPortraitUpsideDown";
				INFOPLIST_KEY_UISupportedInterfaceOrientations_iPad = "UIInterfaceOrientationLandscapeLeft UIInterfaceOrientationLandscapeRight UIInterfaceOrientationPortrait UIInterfaceOrientationPortraitUpsideDown";
				LD_RUNPATH_SEARCH_PATHS = (
					"$(inherited)",
					"@executable_path/Frameworks",
				);
				MARKETING_VERSION = 1.0;
				PRODUCT_BUNDLE_IDENTIFIER = "com.ptushko.BMI-Calculator";
				PRODUCT_NAME = "$(TARGET_NAME)";
				SWIFT_EMIT_LOC_STRINGS = YES;
				SWIFT_VERSION = 5.0;
				TARGETED_DEVICE_FAMILY = "1,2";
			};
			name = Release;
		};
		23C8DB00292CBDBA0053AB09 /* Debug */ = {
			isa = XCBuildConfiguration;
			buildSettings = {
				ALWAYS_EMBED_SWIFT_STANDARD_LIBRARIES = YES;
				BUNDLE_LOADER = "$(TEST_HOST)";
				CODE_SIGN_STYLE = Automatic;
				CURRENT_PROJECT_VERSION = 1;
				GENERATE_INFOPLIST_FILE = YES;
				IPHONEOS_DEPLOYMENT_TARGET = 16.1;
				MARKETING_VERSION = 1.0;
				PRODUCT_BUNDLE_IDENTIFIER = "com.ptushko.BMI-CalculatorTests";
				PRODUCT_NAME = "$(TARGET_NAME)";
				SWIFT_EMIT_LOC_STRINGS = NO;
				SWIFT_VERSION = 5.0;
				TARGETED_DEVICE_FAMILY = "1,2";
				TEST_HOST = "$(BUILT_PRODUCTS_DIR)/BMICalculator.app/$(BUNDLE_EXECUTABLE_FOLDER_PATH)/BMICalculator";
			};
			name = Debug;
		};
		23C8DB01292CBDBA0053AB09 /* Release */ = {
			isa = XCBuildConfiguration;
			buildSettings = {
				ALWAYS_EMBED_SWIFT_STANDARD_LIBRARIES = YES;
				BUNDLE_LOADER = "$(TEST_HOST)";
				CODE_SIGN_STYLE = Automatic;
				CURRENT_PROJECT_VERSION = 1;
				GENERATE_INFOPLIST_FILE = YES;
				IPHONEOS_DEPLOYMENT_TARGET = 16.1;
				MARKETING_VERSION = 1.0;
				PRODUCT_BUNDLE_IDENTIFIER = "com.ptushko.BMI-CalculatorTests";
				PRODUCT_NAME = "$(TARGET_NAME)";
				SWIFT_EMIT_LOC_STRINGS = NO;
				SWIFT_VERSION = 5.0;
				TARGETED_DEVICE_FAMILY = "1,2";
				TEST_HOST = "$(BUILT_PRODUCTS_DIR)/BMICalculator.app/$(BUNDLE_EXECUTABLE_FOLDER_PATH)/BMICalculator";
			};
			name = Release;
		};
/* End XCBuildConfiguration section */

/* Begin XCConfigurationList section */
		23C8DAD3292CBDB70053AB09 /* Build configuration list for PBXProject "BMICalculator" */ = {
			isa = XCConfigurationList;
			buildConfigurations = (
				23C8DAFA292CBDBA0053AB09 /* Debug */,
				23C8DAFB292CBDBA0053AB09 /* Release */,
			);
			defaultConfigurationIsVisible = 0;
			defaultConfigurationName = Release;
		};
		23C8DAFC292CBDBA0053AB09 /* Build configuration list for PBXNativeTarget "BMICalculator" */ = {
			isa = XCConfigurationList;
			buildConfigurations = (
				23C8DAFD292CBDBA0053AB09 /* Debug */,
				23C8DAFE292CBDBA0053AB09 /* Release */,
			);
			defaultConfigurationIsVisible = 0;
			defaultConfigurationName = Release;
		};
		23C8DAFF292CBDBA0053AB09 /* Build configuration list for PBXNativeTarget "BMICalculatorTests" */ = {
			isa = XCConfigurationList;
			buildConfigurations = (
				23C8DB00292CBDBA0053AB09 /* Debug */,
				23C8DB01292CBDBA0053AB09 /* Release */,
			);
			defaultConfigurationIsVisible = 0;
			defaultConfigurationName = Release;
		};
/* End XCConfigurationList section */
	};
	rootObject = 23C8DAD0292CBDB70053AB09 /* Project object */;
}
